# This file is automatically @generated by Cargo.
# It is not intended for manual editing.
version = 4

[[package]]
name = "moqtail-core"
version = "0.1.0"

[[package]]
name = "moqtail-native"
version = "0.1.0"

[[package]]
name = "moqtail-transport"
version = "0.1.0"

[[package]]
name = "moqtail-wasm"
version = "0.1.0"
